<?xml version="1.0" encoding="utf-8"?>
<Project ToolsVersion="4.0" xmlns="http://schemas.microsoft.com/developer/msbuild/2003">
  <ItemGroup>
    <Filter Include="Source Files">
      <UniqueIdentifier>{4FC737F1-C7A5-4376-A066-2A32D752A2FF}</UniqueIdentifier>
      <Extensions>cpp;c;cc;cxx;def;odl;idl;hpj;bat;asm;asmx</Extensions>
    </Filter>
    <Filter Include="Header Files">
      <UniqueIdentifier>{93995380-89BD-4b04-88EB-625FBE52EBFB}</UniqueIdentifier>
      <Extensions>h;hh;hpp;hxx;hm;inl;inc;xsd</Extensions>
    </Filter>
    <Filter Include="Resource Files">
      <UniqueIdentifier>{67DA6AB6-F800-4c08-8B7A-83BB121AAD01}</UniqueIdentifier>
      <Extensions>rc;ico;cur;bmp;dlg;rc2;rct;bin;rgs;gif;jpg;jpeg;jpe;resx;tiff;tif;png;wav;mfcribbon-ms</Extensions>
    </Filter>
    <Filter Include="Header Files\transformers">
      <UniqueIdentifier>{7716bd45-acae-473c-bab8-842924d28eef}</UniqueIdentifier>
    </Filter>
    <Filter Include="Header Files\reducibles">
      <UniqueIdentifier>{9d1b0550-2ff8-4eb5-b413-26a445426f46}</UniqueIdentifier>
    </Filter>
  </ItemGroup>
  <ItemGroup>
    <ClInclude Include="include\wenda\reducers\reduce.h">
      <Filter>Header Files</Filter>
    </ClInclude>
    <ClInclude Include="include\wenda\reducers\reducers_common.h">
      <Filter>Header Files</Filter>
    </ClInclude>
    <ClInclude Include="include\wenda\reducers\into.h">
      <Filter>Header Files</Filter>
    </ClInclude>
    <ClInclude Include="include\wenda\reducers.h">
      <Filter>Header Files</Filter>
    </ClInclude>
    <ClInclude Include="include\wenda\reducers\transformers\filter.h">
      <Filter>Header Files\transformers</Filter>
    </ClInclude>
    <ClInclude Include="include\wenda\reducers\transformers\collect.h">
      <Filter>Header Files\transformers</Filter>
    </ClInclude>
    <ClInclude Include="include\wenda\reducers\transformers\map.h">
      <Filter>Header Files\transformers</Filter>
    </ClInclude>
    <ClInclude Include="include\wenda\reducers\reducibles\iterator_pair_reducible.h">
      <Filter>Header Files\reducibles</Filter>
    </ClInclude>
    <ClInclude Include="include\wenda\reducers\reducibles\range_reducible.h">
      <Filter>Header Files\reducibles</Filter>
    </ClInclude>
    <ClInclude Include="include\wenda\reducers\reducibles\sequence_reducible.h">
      <Filter>Header Files\reducibles</Filter>
    </ClInclude>
  </ItemGroup>
</Project>